
Microsoft Visual Studio Solution File, Format Version 12.00
# Visual Studio Version 16
VisualStudioVersion = 16.0.30611.23
MinimumVisualStudioVersion = 10.0.40219.1
Project("{2150E333-8FDC-42A3-9474-1A3956D46DE8}") = "Docs", "Docs", "{6F2A871A-DFAC-41DF-9B1A-D77AF2962A0D}"
	ProjectSection(SolutionItems) = preProject
		LICENSE = LICENSE
		README.md = README.md
	EndProjectSection
EndProject
Project("{2150E333-8FDC-42A3-9474-1A3956D46DE8}") = "SolutionItems", "SolutionItems", "{88C6A895-194A-49E8-B250-75159B553EFC}"
	ProjectSection(SolutionItems) = preProject
		.gitignore = .gitignore
	EndProjectSection
EndProject
Project("{2150E333-8FDC-42A3-9474-1A3956D46DE8}") = "Source", "Source", "{7E4D95D5-6DFE-4704-B8D8-F25B11AB4F8D}"
EndProject
Project("{2150E333-8FDC-42A3-9474-1A3956D46DE8}") = "Test", "Test", "{96D850CA-4491-4B9A-B116-7C29CC2EB9C9}"
EndProject
Project("{2150E333-8FDC-42A3-9474-1A3956D46DE8}") = "PhoneBook", "PhoneBook", "{C0A5450B-EED7-4680-B1A7-FE354F688F18}"
EndProject
Project("{2150E333-8FDC-42A3-9474-1A3956D46DE8}") = "Reporting", "Reporting", "{E5623A05-D494-42F3-8247-374BE8CBA195}"
EndProject
Project("{9A19103F-16F7-4668-BE54-9A1E7A4F7556}") = "SharedKernel", "SharedKernel\SharedKernel.csproj", "{38DD352A-2718-41E4-B54C-4D229BAE76F6}"
EndProject
Project("{9A19103F-16F7-4668-BE54-9A1E7A4F7556}") = "Common", "Common\Common.csproj", "{C939C5BD-95FA-4B8A-8F93-C5E819B45A12}"
EndProject
Project("{9A19103F-16F7-4668-BE54-9A1E7A4F7556}") = "PhoneBook.Domain", "PhoneBook.Domain\PhoneBook.Domain.csproj", "{AAA6A020-9187-4021-ABAF-40A86127A1CD}"
EndProject
Project("{9A19103F-16F7-4668-BE54-9A1E7A4F7556}") = "PhoneBook.Application", "PhoneBook.Application\PhoneBook.Application.csproj", "{4B81F079-D4AF-4A0B-AB8D-BAD850D0B110}"
EndProject
Project("{9A19103F-16F7-4668-BE54-9A1E7A4F7556}") = "PhoneBook.Infrastructure", "PhoneBook.Infrastructure\PhoneBook.Infrastructure.csproj", "{F5E24078-8E91-4FC6-9B80-9A686F7447C4}"
EndProject
Project("{9A19103F-16F7-4668-BE54-9A1E7A4F7556}") = "PhoneBook.Contract", "PhoneBook.Contract\PhoneBook.Contract.csproj", "{335D5987-AB61-44F5-94FC-2F9EDE31ABD6}"
EndProject
Project("{9A19103F-16F7-4668-BE54-9A1E7A4F7556}") = "PhoneBook.Api", "PhoneBook.API\PhoneBook.Api.csproj", "{089343BC-D5FD-4E10-9B8E-2354C5D6AD30}"
EndProject
Project("{9A19103F-16F7-4668-BE54-9A1E7A4F7556}") = "Reporting.Api", "Reporting.Api\Reporting.Api.csproj", "{74B195BF-4E60-4482-9842-CD91D5A88302}"
EndProject
Project("{9A19103F-16F7-4668-BE54-9A1E7A4F7556}") = "Reporting.Application", "Reporting.Application\Reporting.Application.csproj", "{5E5A68F7-29B9-4B3F-96CF-C029761F1D23}"
EndProject
Project("{9A19103F-16F7-4668-BE54-9A1E7A4F7556}") = "Reporting.Contract", "Reporting.Contract\Reporting.Contract.csproj", "{3905DBFA-AD3E-4F5F-B38F-D744CA0B6887}"
EndProject
Project("{9A19103F-16F7-4668-BE54-9A1E7A4F7556}") = "Reporting.Domain", "Reporting.Domain\Reporting.Domain.csproj", "{8D9F0838-1484-4E9A-9A93-DC097C715C77}"
EndProject
Project("{9A19103F-16F7-4668-BE54-9A1E7A4F7556}") = "Reporting.Infrastructure", "Reporting.Infrastructure\Reporting.Infrastructure.csproj", "{96B3F791-4708-4CDB-A84A-416BCBC90A78}"
EndProject
Project("{9A19103F-16F7-4668-BE54-9A1E7A4F7556}") = "Common.Testing", "Common.Testing\Common.Testing.csproj", "{78A3DA95-54DF-49D4-820C-B3A8CAB2357B}"
EndProject
Project("{FAE04EC0-301F-11D3-BF4B-00C04F79EFBC}") = "PhoneBook.Service", "PhoneBook.Service\PhoneBook.Service.csproj", "{C3F469BB-0F69-401A-9866-DD97F3F6FB78}"
EndProject
Global
	GlobalSection(SolutionConfigurationPlatforms) = preSolution
		Debug|Any CPU = Debug|Any CPU
		Release|Any CPU = Release|Any CPU
	EndGlobalSection
	GlobalSection(ProjectConfigurationPlatforms) = postSolution
		{38DD352A-2718-41E4-B54C-4D229BAE76F6}.Debug|Any CPU.ActiveCfg = Debug|Any CPU
		{38DD352A-2718-41E4-B54C-4D229BAE76F6}.Debug|Any CPU.Build.0 = Debug|Any CPU
		{38DD352A-2718-41E4-B54C-4D229BAE76F6}.Release|Any CPU.ActiveCfg = Release|Any CPU
		{38DD352A-2718-41E4-B54C-4D229BAE76F6}.Release|Any CPU.Build.0 = Release|Any CPU
		{C939C5BD-95FA-4B8A-8F93-C5E819B45A12}.Debug|Any CPU.ActiveCfg = Debug|Any CPU
		{C939C5BD-95FA-4B8A-8F93-C5E819B45A12}.Debug|Any CPU.Build.0 = Debug|Any CPU
		{C939C5BD-95FA-4B8A-8F93-C5E819B45A12}.Release|Any CPU.ActiveCfg = Release|Any CPU
		{C939C5BD-95FA-4B8A-8F93-C5E819B45A12}.Release|Any CPU.Build.0 = Release|Any CPU
		{AAA6A020-9187-4021-ABAF-40A86127A1CD}.Debug|Any CPU.ActiveCfg = Debug|Any CPU
		{AAA6A020-9187-4021-ABAF-40A86127A1CD}.Debug|Any CPU.Build.0 = Debug|Any CPU
		{AAA6A020-9187-4021-ABAF-40A86127A1CD}.Release|Any CPU.ActiveCfg = Release|Any CPU
		{AAA6A020-9187-4021-ABAF-40A86127A1CD}.Release|Any CPU.Build.0 = Release|Any CPU
		{4B81F079-D4AF-4A0B-AB8D-BAD850D0B110}.Debug|Any CPU.ActiveCfg = Debug|Any CPU
		{4B81F079-D4AF-4A0B-AB8D-BAD850D0B110}.Debug|Any CPU.Build.0 = Debug|Any CPU
		{4B81F079-D4AF-4A0B-AB8D-BAD850D0B110}.Release|Any CPU.ActiveCfg = Release|Any CPU
		{4B81F079-D4AF-4A0B-AB8D-BAD850D0B110}.Release|Any CPU.Build.0 = Release|Any CPU
		{F5E24078-8E91-4FC6-9B80-9A686F7447C4}.Debug|Any CPU.ActiveCfg = Debug|Any CPU
		{F5E24078-8E91-4FC6-9B80-9A686F7447C4}.Debug|Any CPU.Build.0 = Debug|Any CPU
		{F5E24078-8E91-4FC6-9B80-9A686F7447C4}.Release|Any CPU.ActiveCfg = Release|Any CPU
		{F5E24078-8E91-4FC6-9B80-9A686F7447C4}.Release|Any CPU.Build.0 = Release|Any CPU
		{335D5987-AB61-44F5-94FC-2F9EDE31ABD6}.Debug|Any CPU.ActiveCfg = Debug|Any CPU
		{335D5987-AB61-44F5-94FC-2F9EDE31ABD6}.Debug|Any CPU.Build.0 = Debug|Any CPU
		{335D5987-AB61-44F5-94FC-2F9EDE31ABD6}.Release|Any CPU.ActiveCfg = Release|Any CPU
		{335D5987-AB61-44F5-94FC-2F9EDE31ABD6}.Release|Any CPU.Build.0 = Release|Any CPU
		{089343BC-D5FD-4E10-9B8E-2354C5D6AD30}.Debug|Any CPU.ActiveCfg = Debug|Any CPU
		{089343BC-D5FD-4E10-9B8E-2354C5D6AD30}.Debug|Any CPU.Build.0 = Debug|Any CPU
		{089343BC-D5FD-4E10-9B8E-2354C5D6AD30}.Release|Any CPU.ActiveCfg = Release|Any CPU
		{089343BC-D5FD-4E10-9B8E-2354C5D6AD30}.Release|Any CPU.Build.0 = Release|Any CPU
		{74B195BF-4E60-4482-9842-CD91D5A88302}.Debug|Any CPU.ActiveCfg = Debug|Any CPU
		{74B195BF-4E60-4482-9842-CD91D5A88302}.Debug|Any CPU.Build.0 = Debug|Any CPU
		{74B195BF-4E60-4482-9842-CD91D5A88302}.Release|Any CPU.ActiveCfg = Release|Any CPU
		{74B195BF-4E60-4482-9842-CD91D5A88302}.Release|Any CPU.Build.0 = Release|Any CPU
		{5E5A68F7-29B9-4B3F-96CF-C029761F1D23}.Debug|Any CPU.ActiveCfg = Debug|Any CPU
		{5E5A68F7-29B9-4B3F-96CF-C029761F1D23}.Debug|Any CPU.Build.0 = Debug|Any CPU
		{5E5A68F7-29B9-4B3F-96CF-C029761F1D23}.Release|Any CPU.ActiveCfg = Release|Any CPU
		{5E5A68F7-29B9-4B3F-96CF-C029761F1D23}.Release|Any CPU.Build.0 = Release|Any CPU
		{3905DBFA-AD3E-4F5F-B38F-D744CA0B6887}.Debug|Any CPU.ActiveCfg = Debug|Any CPU
		{3905DBFA-AD3E-4F5F-B38F-D744CA0B6887}.Debug|Any CPU.Build.0 = Debug|Any CPU
		{3905DBFA-AD3E-4F5F-B38F-D744CA0B6887}.Release|Any CPU.ActiveCfg = Release|Any CPU
		{3905DBFA-AD3E-4F5F-B38F-D744CA0B6887}.Release|Any CPU.Build.0 = Release|Any CPU
		{8D9F0838-1484-4E9A-9A93-DC097C715C77}.Debug|Any CPU.ActiveCfg = Debug|Any CPU
		{8D9F0838-1484-4E9A-9A93-DC097C715C77}.Debug|Any CPU.Build.0 = Debug|Any CPU
		{8D9F0838-1484-4E9A-9A93-DC097C715C77}.Release|Any CPU.ActiveCfg = Release|Any CPU
		{8D9F0838-1484-4E9A-9A93-DC097C715C77}.Release|Any CPU.Build.0 = Release|Any CPU
		{96B3F791-4708-4CDB-A84A-416BCBC90A78}.Debug|Any CPU.ActiveCfg = Debug|Any CPU
		{96B3F791-4708-4CDB-A84A-416BCBC90A78}.Debug|Any CPU.Build.0 = Debug|Any CPU
		{96B3F791-4708-4CDB-A84A-416BCBC90A78}.Release|Any CPU.ActiveCfg = Release|Any CPU
		{96B3F791-4708-4CDB-A84A-416BCBC90A78}.Release|Any CPU.Build.0 = Release|Any CPU
		{78A3DA95-54DF-49D4-820C-B3A8CAB2357B}.Debug|Any CPU.ActiveCfg = Debug|Any CPU
		{78A3DA95-54DF-49D4-820C-B3A8CAB2357B}.Debug|Any CPU.Build.0 = Debug|Any CPU
		{78A3DA95-54DF-49D4-820C-B3A8CAB2357B}.Release|Any CPU.ActiveCfg = Release|Any CPU
		{78A3DA95-54DF-49D4-820C-B3A8CAB2357B}.Release|Any CPU.Build.0 = Release|Any CPU
		{C3F469BB-0F69-401A-9866-DD97F3F6FB78}.Debug|Any CPU.ActiveCfg = Debug|Any CPU
		{C3F469BB-0F69-401A-9866-DD97F3F6FB78}.Debug|Any CPU.Build.0 = Debug|Any CPU
		{C3F469BB-0F69-401A-9866-DD97F3F6FB78}.Release|Any CPU.ActiveCfg = Release|Any CPU
		{C3F469BB-0F69-401A-9866-DD97F3F6FB78}.Release|Any CPU.Build.0 = Release|Any CPU
	EndGlobalSection
	GlobalSection(SolutionProperties) = preSolution
		HideSolutionNode = FALSE
	EndGlobalSection
	GlobalSection(NestedProjects) = preSolution
		{C0A5450B-EED7-4680-B1A7-FE354F688F18} = {7E4D95D5-6DFE-4704-B8D8-F25B11AB4F8D}
		{E5623A05-D494-42F3-8247-374BE8CBA195} = {7E4D95D5-6DFE-4704-B8D8-F25B11AB4F8D}
		{38DD352A-2718-41E4-B54C-4D229BAE76F6} = {7E4D95D5-6DFE-4704-B8D8-F25B11AB4F8D}
		{C939C5BD-95FA-4B8A-8F93-C5E819B45A12} = {7E4D95D5-6DFE-4704-B8D8-F25B11AB4F8D}
		{AAA6A020-9187-4021-ABAF-40A86127A1CD} = {C0A5450B-EED7-4680-B1A7-FE354F688F18}
		{4B81F079-D4AF-4A0B-AB8D-BAD850D0B110} = {C0A5450B-EED7-4680-B1A7-FE354F688F18}
		{F5E24078-8E91-4FC6-9B80-9A686F7447C4} = {C0A5450B-EED7-4680-B1A7-FE354F688F18}
		{335D5987-AB61-44F5-94FC-2F9EDE31ABD6} = {C0A5450B-EED7-4680-B1A7-FE354F688F18}
		{089343BC-D5FD-4E10-9B8E-2354C5D6AD30} = {C0A5450B-EED7-4680-B1A7-FE354F688F18}
		{74B195BF-4E60-4482-9842-CD91D5A88302} = {E5623A05-D494-42F3-8247-374BE8CBA195}
		{5E5A68F7-29B9-4B3F-96CF-C029761F1D23} = {E5623A05-D494-42F3-8247-374BE8CBA195}
		{3905DBFA-AD3E-4F5F-B38F-D744CA0B6887} = {E5623A05-D494-42F3-8247-374BE8CBA195}
		{8D9F0838-1484-4E9A-9A93-DC097C715C77} = {E5623A05-D494-42F3-8247-374BE8CBA195}
		{96B3F791-4708-4CDB-A84A-416BCBC90A78} = {E5623A05-D494-42F3-8247-374BE8CBA195}
		{78A3DA95-54DF-49D4-820C-B3A8CAB2357B} = {7E4D95D5-6DFE-4704-B8D8-F25B11AB4F8D}
		{C3F469BB-0F69-401A-9866-DD97F3F6FB78} = {C0A5450B-EED7-4680-B1A7-FE354F688F18}
	EndGlobalSection
	GlobalSection(ExtensibilityGlobals) = postSolution
		SolutionGuid = {9136D444-9562-4E53-8BBB-0E880AB4BCBD}
	EndGlobalSection
EndGlobal
